// !$*UTF8*$!
{
	archiveVersion = 1;
	classes = {
	};
	objectVersion = 46;
	objects = {

/* Begin PBXBuildFile section */
		503F0AB27C174664A8C33A63 /* libPods-MECoreDataKit.a in Frameworks */ = {isa = PBXBuildFile; fileRef = DF7C342302194B60A36698C7 /* libPods-MECoreDataKit.a */; };
		798D9C4B18D4E23400F0A2AB /* Foundation.framework in Frameworks */ = {isa = PBXBuildFile; fileRef = 798D9C4A18D4E23400F0A2AB /* Foundation.framework */; };
		798D9C5918D4E23400F0A2AB /* XCTest.framework in Frameworks */ = {isa = PBXBuildFile; fileRef = 798D9C5818D4E23400F0A2AB /* XCTest.framework */; };
		798D9C5A18D4E23400F0A2AB /* Foundation.framework in Frameworks */ = {isa = PBXBuildFile; fileRef = 798D9C4A18D4E23400F0A2AB /* Foundation.framework */; };
		798D9C5C18D4E23400F0A2AB /* UIKit.framework in Frameworks */ = {isa = PBXBuildFile; fileRef = 798D9C5B18D4E23400F0A2AB /* UIKit.framework */; };
		798D9C5F18D4E23400F0A2AB /* libMECoreDataKit.a in Frameworks */ = {isa = PBXBuildFile; fileRef = 798D9C4718D4E23400F0A2AB /* libMECoreDataKit.a */; };
		798D9C6518D4E23400F0A2AB /* InfoPlist.strings in Resources */ = {isa = PBXBuildFile; fileRef = 798D9C6318D4E23400F0A2AB /* InfoPlist.strings */; };
		798D9C7518D4E4CE00F0A2AB /* NSManagedObject+MEExtensions.m in Sources */ = {isa = PBXBuildFile; fileRef = 798D9C7218D4E4CE00F0A2AB /* NSManagedObject+MEExtensions.m */; };
		798D9C7618D4E4CE00F0A2AB /* NSManagedObjectContext+MEExtensions.m in Sources */ = {isa = PBXBuildFile; fileRef = 798D9C7418D4E4CE00F0A2AB /* NSManagedObjectContext+MEExtensions.m */; };
		79E1F9E418D4F8B400A2414E /* Cocoa.framework in Frameworks */ = {isa = PBXBuildFile; fileRef = 79E1F9E318D4F8B400A2414E /* Cocoa.framework */; };
		79E1F9EE18D4F8B400A2414E /* InfoPlist.strings in Resources */ = {isa = PBXBuildFile; fileRef = 79E1F9EC18D4F8B400A2414E /* InfoPlist.strings */; };
		79E1F9F818D4F8B400A2414E /* XCTest.framework in Frameworks */ = {isa = PBXBuildFile; fileRef = 798D9C5818D4E23400F0A2AB /* XCTest.framework */; };
		79E1F9F918D4F8B400A2414E /* Cocoa.framework in Frameworks */ = {isa = PBXBuildFile; fileRef = 79E1F9E318D4F8B400A2414E /* Cocoa.framework */; };
		79E1F9FC18D4F8B400A2414E /* MECoreDataKit.framework in Frameworks */ = {isa = PBXBuildFile; fileRef = 79E1F9E218D4F8B400A2414E /* MECoreDataKit.framework */; };
		79E1FA0218D4F8B400A2414E /* InfoPlist.strings in Resources */ = {isa = PBXBuildFile; fileRef = 79E1FA0018D4F8B400A2414E /* InfoPlist.strings */; };
		79E1FABB18D5489E00A2414E /* NSManagedObject+MEExtensionsTestCase.m in Sources */ = {isa = PBXBuildFile; fileRef = 79E1FABA18D5489E00A2414E /* NSManagedObject+MEExtensionsTestCase.m */; };
		79E1FABE18D548C100A2414E /* Model.xcdatamodeld in Sources */ = {isa = PBXBuildFile; fileRef = 79E1FABC18D548C100A2414E /* Model.xcdatamodeld */; };
		79E1FAC118D5494000A2414E /* Item.m in Sources */ = {isa = PBXBuildFile; fileRef = 79E1FAC018D5494000A2414E /* Item.m */; };
		79E1FAC318D54B0400A2414E /* NSManagedObject+MEExtensionsTestCase.m in Sources */ = {isa = PBXBuildFile; fileRef = 79E1FABA18D5489E00A2414E /* NSManagedObject+MEExtensionsTestCase.m */; };
		79E1FAC418D54B0700A2414E /* Model.xcdatamodeld in Sources */ = {isa = PBXBuildFile; fileRef = 79E1FABC18D548C100A2414E /* Model.xcdatamodeld */; };
		79E1FAC518D54B0E00A2414E /* Item.m in Sources */ = {isa = PBXBuildFile; fileRef = 79E1FAC018D5494000A2414E /* Item.m */; };
		79E1FAC818D54F6D00A2414E /* MECoreDataKit.h in Headers */ = {isa = PBXBuildFile; fileRef = 798D9C7018D4E4CE00F0A2AB /* MECoreDataKit.h */; settings = {ATTRIBUTES = (Public, ); }; };
		79E1FAC918D54F6D00A2414E /* NSManagedObject+MEExtensions.h in Headers */ = {isa = PBXBuildFile; fileRef = 798D9C7118D4E4CE00F0A2AB /* NSManagedObject+MEExtensions.h */; settings = {ATTRIBUTES = (Public, ); }; };
		79E1FACA18D54F6D00A2414E /* NSManagedObjectContext+MEExtensions.h in Headers */ = {isa = PBXBuildFile; fileRef = 798D9C7318D4E4CE00F0A2AB /* NSManagedObjectContext+MEExtensions.h */; settings = {ATTRIBUTES = (Public, ); }; };
		79E1FACB18D54F7800A2414E /* NSManagedObject+MEExtensions.m in Sources */ = {isa = PBXBuildFile; fileRef = 798D9C7218D4E4CE00F0A2AB /* NSManagedObject+MEExtensions.m */; };
		79E1FACC18D54F7800A2414E /* NSManagedObjectContext+MEExtensions.m in Sources */ = {isa = PBXBuildFile; fileRef = 798D9C7418D4E4CE00F0A2AB /* NSManagedObjectContext+MEExtensions.m */; };
		DFD71026E4184226A09BA59D /* libPods-MECoreDataKitFramework.a in Frameworks */ = {isa = PBXBuildFile; fileRef = 0D7964D151CB42549C09E15D /* libPods-MECoreDataKitFramework.a */; };
/* End PBXBuildFile section */

/* Begin PBXContainerItemProxy section */
		798D9C5D18D4E23400F0A2AB /* PBXContainerItemProxy */ = {
			isa = PBXContainerItemProxy;
			containerPortal = 798D9C3F18D4E23400F0A2AB /* Project object */;
			proxyType = 1;
			remoteGlobalIDString = 798D9C4618D4E23400F0A2AB;
			remoteInfo = MECoreDataKit;
		};
		79E1F9FA18D4F8B400A2414E /* PBXContainerItemProxy */ = {
			isa = PBXContainerItemProxy;
			containerPortal = 798D9C3F18D4E23400F0A2AB /* Project object */;
			proxyType = 1;
			remoteGlobalIDString = 79E1F9E118D4F8B400A2414E;
			remoteInfo = MECoreDataKitFramework;
		};
/* End PBXContainerItemProxy section */

/* Begin PBXCopyFilesBuildPhase section */
		798D9C4518D4E23400F0A2AB /* CopyFiles */ = {
			isa = PBXCopyFilesBuildPhase;
			buildActionMask = 2147483647;
			dstPath = "include/$(PRODUCT_NAME)";
			dstSubfolderSpec = 16;
			files = (
			);
			runOnlyForDeploymentPostprocessing = 0;
		};
/* End PBXCopyFilesBuildPhase section */

/* Begin PBXFileReference section */
		0D7964D151CB42549C09E15D /* libPods-MECoreDataKitFramework.a */ = {isa = PBXFileReference; explicitFileType = archive.ar; includeInIndex = 0; path = "libPods-MECoreDataKitFramework.a"; sourceTree = BUILT_PRODUCTS_DIR; };
		2A6304DBA94C45FCA12CEE63 /* Pods-MECoreDataKit.xcconfig */ = {isa = PBXFileReference; includeInIndex = 1; lastKnownFileType = text.xcconfig; name = "Pods-MECoreDataKit.xcconfig"; path = "Pods/Pods-MECoreDataKit.xcconfig"; sourceTree = "<group>"; };
		4154AF8D12474CCC8916E44B /* Pods-MECoreDataKitFramework.xcconfig */ = {isa = PBXFileReference; includeInIndex = 1; lastKnownFileType = text.xcconfig; name = "Pods-MECoreDataKitFramework.xcconfig"; path = "Pods/Pods-MECoreDataKitFramework.xcconfig"; sourceTree = "<group>"; };
		798D9C4718D4E23400F0A2AB /* libMECoreDataKit.a */ = {isa = PBXFileReference; explicitFileType = archive.ar; includeInIndex = 0; path = libMECoreDataKit.a; sourceTree = BUILT_PRODUCTS_DIR; };
		798D9C4A18D4E23400F0A2AB /* Foundation.framework */ = {isa = PBXFileReference; lastKnownFileType = wrapper.framework; name = Foundation.framework; path = System/Library/Frameworks/Foundation.framework; sourceTree = SDKROOT; };
		798D9C4E18D4E23400F0A2AB /* MECoreDataKit-Prefix.pch */ = {isa = PBXFileReference; lastKnownFileType = sourcecode.c.h; path = "MECoreDataKit-Prefix.pch"; sourceTree = "<group>"; };
		798D9C5718D4E23400F0A2AB /* MECoreDataKitTests.xctest */ = {isa = PBXFileReference; explicitFileType = wrapper.cfbundle; includeInIndex = 0; path = MECoreDataKitTests.xctest; sourceTree = BUILT_PRODUCTS_DIR; };
		798D9C5818D4E23400F0A2AB /* XCTest.framework */ = {isa = PBXFileReference; lastKnownFileType = wrapper.framework; name = XCTest.framework; path = Library/Frameworks/XCTest.framework; sourceTree = DEVELOPER_DIR; };
		798D9C5B18D4E23400F0A2AB /* UIKit.framework */ = {isa = PBXFileReference; lastKnownFileType = wrapper.framework; name = UIKit.framework; path = Library/Frameworks/UIKit.framework; sourceTree = DEVELOPER_DIR; };
		798D9C6218D4E23400F0A2AB /* MECoreDataKitTests-Info.plist */ = {isa = PBXFileReference; lastKnownFileType = text.plist.xml; path = "MECoreDataKitTests-Info.plist"; sourceTree = "<group>"; };
		798D9C6418D4E23400F0A2AB /* en */ = {isa = PBXFileReference; lastKnownFileType = text.plist.strings; name = en; path = en.lproj/InfoPlist.strings; sourceTree = "<group>"; };
		798D9C7018D4E4CE00F0A2AB /* MECoreDataKit.h */ = {isa = PBXFileReference; fileEncoding = 4; lastKnownFileType = sourcecode.c.h; path = MECoreDataKit.h; sourceTree = "<group>"; };
		798D9C7118D4E4CE00F0A2AB /* NSManagedObject+MEExtensions.h */ = {isa = PBXFileReference; fileEncoding = 4; lastKnownFileType = sourcecode.c.h; path = "NSManagedObject+MEExtensions.h"; sourceTree = "<group>"; };
		798D9C7218D4E4CE00F0A2AB /* NSManagedObject+MEExtensions.m */ = {isa = PBXFileReference; fileEncoding = 4; lastKnownFileType = sourcecode.c.objc; path = "NSManagedObject+MEExtensions.m"; sourceTree = "<group>"; };
		798D9C7318D4E4CE00F0A2AB /* NSManagedObjectContext+MEExtensions.h */ = {isa = PBXFileReference; fileEncoding = 4; lastKnownFileType = sourcecode.c.h; path = "NSManagedObjectContext+MEExtensions.h"; sourceTree = "<group>"; };
		798D9C7418D4E4CE00F0A2AB /* NSManagedObjectContext+MEExtensions.m */ = {isa = PBXFileReference; fileEncoding = 4; lastKnownFileType = sourcecode.c.objc; path = "NSManagedObjectContext+MEExtensions.m"; sourceTree = "<group>"; };
		79E1F9E218D4F8B400A2414E /* MECoreDataKit.framework */ = {isa = PBXFileReference; explicitFileType = wrapper.framework; includeInIndex = 0; path = MECoreDataKit.framework; sourceTree = BUILT_PRODUCTS_DIR; };
		79E1F9E318D4F8B400A2414E /* Cocoa.framework */ = {isa = PBXFileReference; lastKnownFileType = wrapper.framework; name = Cocoa.framework; path = Library/Frameworks/Cocoa.framework; sourceTree = DEVELOPER_DIR; };
		79E1F9E618D4F8B400A2414E /* Foundation.framework */ = {isa = PBXFileReference; lastKnownFileType = wrapper.framework; name = Foundation.framework; path = Library/Frameworks/Foundation.framework; sourceTree = SDKROOT; };
		79E1F9E718D4F8B400A2414E /* CoreData.framework */ = {isa = PBXFileReference; lastKnownFileType = wrapper.framework; name = CoreData.framework; path = Library/Frameworks/CoreData.framework; sourceTree = SDKROOT; };
		79E1F9E818D4F8B400A2414E /* AppKit.framework */ = {isa = PBXFileReference; lastKnownFileType = wrapper.framework; name = AppKit.framework; path = Library/Frameworks/AppKit.framework; sourceTree = SDKROOT; };
		79E1F9EB18D4F8B400A2414E /* MECoreDataKitFramework-Info.plist */ = {isa = PBXFileReference; lastKnownFileType = text.plist.xml; path = "MECoreDataKitFramework-Info.plist"; sourceTree = "<group>"; };
		79E1F9ED18D4F8B400A2414E /* en */ = {isa = PBXFileReference; lastKnownFileType = text.plist.strings; name = en; path = en.lproj/InfoPlist.strings; sourceTree = "<group>"; };
		79E1F9EF18D4F8B400A2414E /* MECoreDataKitFramework-Prefix.pch */ = {isa = PBXFileReference; lastKnownFileType = sourcecode.c.h; path = "MECoreDataKitFramework-Prefix.pch"; sourceTree = "<group>"; };
		79E1F9F718D4F8B400A2414E /* MECoreDataKitFrameworkTests.xctest */ = {isa = PBXFileReference; explicitFileType = wrapper.cfbundle; includeInIndex = 0; path = MECoreDataKitFrameworkTests.xctest; sourceTree = BUILT_PRODUCTS_DIR; };
		79E1F9FF18D4F8B400A2414E /* MECoreDataKitFrameworkTests-Info.plist */ = {isa = PBXFileReference; lastKnownFileType = text.plist.xml; path = "MECoreDataKitFrameworkTests-Info.plist"; sourceTree = "<group>"; };
		79E1FA0118D4F8B400A2414E /* en */ = {isa = PBXFileReference; lastKnownFileType = text.plist.strings; name = en; path = en.lproj/InfoPlist.strings; sourceTree = "<group>"; };
		79E1FABA18D5489E00A2414E /* NSManagedObject+MEExtensionsTestCase.m */ = {isa = PBXFileReference; fileEncoding = 4; lastKnownFileType = sourcecode.c.objc; path = "NSManagedObject+MEExtensionsTestCase.m"; sourceTree = "<group>"; };
		79E1FABD18D548C100A2414E /* Model.xcdatamodel */ = {isa = PBXFileReference; lastKnownFileType = wrapper.xcdatamodel; path = Model.xcdatamodel; sourceTree = "<group>"; };
		79E1FABF18D5494000A2414E /* Item.h */ = {isa = PBXFileReference; fileEncoding = 4; lastKnownFileType = sourcecode.c.h; path = Item.h; sourceTree = "<group>"; };
		79E1FAC018D5494000A2414E /* Item.m */ = {isa = PBXFileReference; fileEncoding = 4; lastKnownFileType = sourcecode.c.objc; path = Item.m; sourceTree = "<group>"; };
		DF7C342302194B60A36698C7 /* libPods-MECoreDataKit.a */ = {isa = PBXFileReference; explicitFileType = archive.ar; includeInIndex = 0; path = "libPods-MECoreDataKit.a"; sourceTree = BUILT_PRODUCTS_DIR; };
/* End PBXFileReference section */

/* Begin PBXFrameworksBuildPhase section */
		798D9C4418D4E23400F0A2AB /* Frameworks */ = {
			isa = PBXFrameworksBuildPhase;
			buildActionMask = 2147483647;
			files = (
				798D9C4B18D4E23400F0A2AB /* Foundation.framework in Frameworks */,
			);
			runOnlyForDeploymentPostprocessing = 0;
		};
		798D9C5418D4E23400F0A2AB /* Frameworks */ = {
			isa = PBXFrameworksBuildPhase;
			buildActionMask = 2147483647;
			files = (
				798D9C5918D4E23400F0A2AB /* XCTest.framework in Frameworks */,
				798D9C5F18D4E23400F0A2AB /* libMECoreDataKit.a in Frameworks */,
				798D9C5C18D4E23400F0A2AB /* UIKit.framework in Frameworks */,
				798D9C5A18D4E23400F0A2AB /* Foundation.framework in Frameworks */,
				503F0AB27C174664A8C33A63 /* libPods-MECoreDataKit.a in Frameworks */,
			);
			runOnlyForDeploymentPostprocessing = 0;
		};
		79E1F9DE18D4F8B400A2414E /* Frameworks */ = {
			isa = PBXFrameworksBuildPhase;
			buildActionMask = 2147483647;
			files = (
				79E1F9E418D4F8B400A2414E /* Cocoa.framework in Frameworks */,
				DFD71026E4184226A09BA59D /* libPods-MECoreDataKitFramework.a in Frameworks */,
			);
			runOnlyForDeploymentPostprocessing = 0;
		};
		79E1F9F418D4F8B400A2414E /* Frameworks */ = {
			isa = PBXFrameworksBuildPhase;
			buildActionMask = 2147483647;
			files = (
				79E1F9F918D4F8B400A2414E /* Cocoa.framework in Frameworks */,
				79E1F9F818D4F8B400A2414E /* XCTest.framework in Frameworks */,
				79E1F9FC18D4F8B400A2414E /* MECoreDataKit.framework in Frameworks */,
			);
			runOnlyForDeploymentPostprocessing = 0;
		};
/* End PBXFrameworksBuildPhase section */

/* Begin PBXGroup section */
		798D9C3E18D4E23400F0A2AB = {
			isa = PBXGroup;
			children = (
				798D9C4C18D4E23400F0A2AB /* MECoreDataKit */,
				798D9C6018D4E23400F0A2AB /* MECoreDataKitTests */,
				79E1F9E918D4F8B400A2414E /* MECoreDataKitFramework */,
				79E1F9FD18D4F8B400A2414E /* MECoreDataKitFrameworkTests */,
				798D9C4918D4E23400F0A2AB /* Frameworks */,
				798D9C4818D4E23400F0A2AB /* Products */,
				2A6304DBA94C45FCA12CEE63 /* Pods-MECoreDataKit.xcconfig */,
				4154AF8D12474CCC8916E44B /* Pods-MECoreDataKitFramework.xcconfig */,
			);
			sourceTree = "<group>";
		};
		798D9C4818D4E23400F0A2AB /* Products */ = {
			isa = PBXGroup;
			children = (
				798D9C4718D4E23400F0A2AB /* libMECoreDataKit.a */,
				798D9C5718D4E23400F0A2AB /* MECoreDataKitTests.xctest */,
				79E1F9E218D4F8B400A2414E /* MECoreDataKit.framework */,
				79E1F9F718D4F8B400A2414E /* MECoreDataKitFrameworkTests.xctest */,
			);
			name = Products;
			sourceTree = "<group>";
		};
		798D9C4918D4E23400F0A2AB /* Frameworks */ = {
			isa = PBXGroup;
			children = (
				798D9C4A18D4E23400F0A2AB /* Foundation.framework */,
				798D9C5818D4E23400F0A2AB /* XCTest.framework */,
				798D9C5B18D4E23400F0A2AB /* UIKit.framework */,
				DF7C342302194B60A36698C7 /* libPods-MECoreDataKit.a */,
				79E1F9E318D4F8B400A2414E /* Cocoa.framework */,
				79E1F9E518D4F8B400A2414E /* Other Frameworks */,
				0D7964D151CB42549C09E15D /* libPods-MECoreDataKitFramework.a */,
			);
			name = Frameworks;
			sourceTree = "<group>";
		};
		798D9C4C18D4E23400F0A2AB /* MECoreDataKit */ = {
			isa = PBXGroup;
			children = (
				798D9C7018D4E4CE00F0A2AB /* MECoreDataKit.h */,
				798D9C7718D4E4E100F0A2AB /* Categories */,
				798D9C4D18D4E23400F0A2AB /* Supporting Files */,
			);
			path = MECoreDataKit;
			sourceTree = "<group>";
		};
		798D9C4D18D4E23400F0A2AB /* Supporting Files */ = {
			isa = PBXGroup;
			children = (
				798D9C4E18D4E23400F0A2AB /* MECoreDataKit-Prefix.pch */,
			);
			name = "Supporting Files";
			sourceTree = "<group>";
		};
		798D9C6018D4E23400F0A2AB /* MECoreDataKitTests */ = {
			isa = PBXGroup;
			children = (
				79E1FABA18D5489E00A2414E /* NSManagedObject+MEExtensionsTestCase.m */,
				798D9C6118D4E23400F0A2AB /* Supporting Files */,
			);
			path = MECoreDataKitTests;
			sourceTree = "<group>";
		};
		798D9C6118D4E23400F0A2AB /* Supporting Files */ = {
			isa = PBXGroup;
			children = (
				798D9C6218D4E23400F0A2AB /* MECoreDataKitTests-Info.plist */,
				798D9C6318D4E23400F0A2AB /* InfoPlist.strings */,
				79E1FABC18D548C100A2414E /* Model.xcdatamodeld */,
				79E1FAC218D5495200A2414E /* CoreData */,
			);
			name = "Supporting Files";
			sourceTree = "<group>";
		};
		798D9C7718D4E4E100F0A2AB /* Categories */ = {
			isa = PBXGroup;
			children = (
				798D9C7118D4E4CE00F0A2AB /* NSManagedObject+MEExtensions.h */,
				798D9C7218D4E4CE00F0A2AB /* NSManagedObject+MEExtensions.m */,
				798D9C7318D4E4CE00F0A2AB /* NSManagedObjectContext+MEExtensions.h */,
				798D9C7418D4E4CE00F0A2AB /* NSManagedObjectContext+MEExtensions.m */,
			);
			name = Categories;
			sourceTree = "<group>";
		};
		79E1F9E518D4F8B400A2414E /* Other Frameworks */ = {
			isa = PBXGroup;
			children = (
				79E1F9E618D4F8B400A2414E /* Foundation.framework */,
				79E1F9E718D4F8B400A2414E /* CoreData.framework */,
				79E1F9E818D4F8B400A2414E /* AppKit.framework */,
			);
			name = "Other Frameworks";
			sourceTree = "<group>";
		};
		79E1F9E918D4F8B400A2414E /* MECoreDataKitFramework */ = {
			isa = PBXGroup;
			children = (
				79E1F9EA18D4F8B400A2414E /* Supporting Files */,
			);
			path = MECoreDataKitFramework;
			sourceTree = "<group>";
		};
		79E1F9EA18D4F8B400A2414E /* Supporting Files */ = {
			isa = PBXGroup;
			children = (
				79E1F9EB18D4F8B400A2414E /* MECoreDataKitFramework-Info.plist */,
				79E1F9EC18D4F8B400A2414E /* InfoPlist.strings */,
				79E1F9EF18D4F8B400A2414E /* MECoreDataKitFramework-Prefix.pch */,
			);
			name = "Supporting Files";
			sourceTree = "<group>";
		};
		79E1F9FD18D4F8B400A2414E /* MECoreDataKitFrameworkTests */ = {
			isa = PBXGroup;
			children = (
				79E1F9FE18D4F8B400A2414E /* Supporting Files */,
			);
			path = MECoreDataKitFrameworkTests;
			sourceTree = "<group>";
		};
		79E1F9FE18D4F8B400A2414E /* Supporting Files */ = {
			isa = PBXGroup;
			children = (
				79E1F9FF18D4F8B400A2414E /* MECoreDataKitFrameworkTests-Info.plist */,
				79E1FA0018D4F8B400A2414E /* InfoPlist.strings */,
			);
			name = "Supporting Files";
			sourceTree = "<group>";
		};
		79E1FAC218D5495200A2414E /* CoreData */ = {
			isa = PBXGroup;
			children = (
				79E1FABF18D5494000A2414E /* Item.h */,
				79E1FAC018D5494000A2414E /* Item.m */,
			);
			name = CoreData;
			sourceTree = "<group>";
		};
/* End PBXGroup section */

/* Begin PBXHeadersBuildPhase section */
		79E1F9DF18D4F8B400A2414E /* Headers */ = {
			isa = PBXHeadersBuildPhase;
			buildActionMask = 2147483647;
			files = (
				79E1FAC818D54F6D00A2414E /* MECoreDataKit.h in Headers */,
				79E1FAC918D54F6D00A2414E /* NSManagedObject+MEExtensions.h in Headers */,
				79E1FACA18D54F6D00A2414E /* NSManagedObjectContext+MEExtensions.h in Headers */,
			);
			runOnlyForDeploymentPostprocessing = 0;
		};
/* End PBXHeadersBuildPhase section */

/* Begin PBXNativeTarget section */
		798D9C4618D4E23400F0A2AB /* MECoreDataKit */ = {
			isa = PBXNativeTarget;
			buildConfigurationList = 798D9C6A18D4E23400F0A2AB /* Build configuration list for PBXNativeTarget "MECoreDataKit" */;
			buildPhases = (
				5DDDF7D5089B4EE396B9DC64 /* Check Pods Manifest.lock */,
				798D9C4318D4E23400F0A2AB /* Sources */,
				798D9C4418D4E23400F0A2AB /* Frameworks */,
				798D9C4518D4E23400F0A2AB /* CopyFiles */,
				281F63822B014EFBA793D9DF /* Copy Pods Resources */,
			);
			buildRules = (
			);
			dependencies = (
			);
			name = MECoreDataKit;
			productName = MECoreDataKit;
			productReference = 798D9C4718D4E23400F0A2AB /* libMECoreDataKit.a */;
			productType = "com.apple.product-type.library.static";
		};
		798D9C5618D4E23400F0A2AB /* MECoreDataKitTests */ = {
			isa = PBXNativeTarget;
			buildConfigurationList = 798D9C6D18D4E23400F0A2AB /* Build configuration list for PBXNativeTarget "MECoreDataKitTests" */;
			buildPhases = (
				4FB3B78EF29C4AE4B5F8C039 /* Check Pods Manifest.lock */,
				798D9C5318D4E23400F0A2AB /* Sources */,
				798D9C5418D4E23400F0A2AB /* Frameworks */,
				798D9C5518D4E23400F0A2AB /* Resources */,
				B8F2CD7BA4D349EBB6C46B4A /* Copy Pods Resources */,
			);
			buildRules = (
			);
			dependencies = (
				798D9C5E18D4E23400F0A2AB /* PBXTargetDependency */,
			);
			name = MECoreDataKitTests;
			productName = MECoreDataKitTests;
			productReference = 798D9C5718D4E23400F0A2AB /* MECoreDataKitTests.xctest */;
			productType = "com.apple.product-type.bundle.unit-test";
		};
		79E1F9E118D4F8B400A2414E /* MECoreDataKitFramework */ = {
			isa = PBXNativeTarget;
			buildConfigurationList = 79E1FA0518D4F8B400A2414E /* Build configuration list for PBXNativeTarget "MECoreDataKitFramework" */;
			buildPhases = (
				7EE6CA3A6AF5474B95C18823 /* Check Pods Manifest.lock */,
				79E1F9DD18D4F8B400A2414E /* Sources */,
				79E1F9DE18D4F8B400A2414E /* Frameworks */,
				79E1F9DF18D4F8B400A2414E /* Headers */,
				79E1F9E018D4F8B400A2414E /* Resources */,
				71FA4189B9B347D79CD63B7D /* Copy Pods Resources */,
			);
			buildRules = (
			);
			dependencies = (
			);
			name = MECoreDataKitFramework;
			productName = MECoreDataKitFramework;
			productReference = 79E1F9E218D4F8B400A2414E /* MECoreDataKit.framework */;
			productType = "com.apple.product-type.framework";
		};
		79E1F9F618D4F8B400A2414E /* MECoreDataKitFrameworkTests */ = {
			isa = PBXNativeTarget;
			buildConfigurationList = 79E1FA0818D4F8B400A2414E /* Build configuration list for PBXNativeTarget "MECoreDataKitFrameworkTests" */;
			buildPhases = (
				022CBDF3B0BB4BDA8F10983C /* Check Pods Manifest.lock */,
				79E1F9F318D4F8B400A2414E /* Sources */,
				79E1F9F418D4F8B400A2414E /* Frameworks */,
				79E1F9F518D4F8B400A2414E /* Resources */,
				FB92550FA3EA44A4BAD276A7 /* Copy Pods Resources */,
			);
			buildRules = (
			);
			dependencies = (
				79E1F9FB18D4F8B400A2414E /* PBXTargetDependency */,
			);
			name = MECoreDataKitFrameworkTests;
			productName = MECoreDataKitFrameworkTests;
			productReference = 79E1F9F718D4F8B400A2414E /* MECoreDataKitFrameworkTests.xctest */;
			productType = "com.apple.product-type.bundle.unit-test";
		};
/* End PBXNativeTarget section */

/* Begin PBXProject section */
		798D9C3F18D4E23400F0A2AB /* Project object */ = {
			isa = PBXProject;
			attributes = {
				CLASSPREFIX = ME;
				LastUpgradeCheck = 0500;
				ORGANIZATIONNAME = "Maestro, LLC.";
				TargetAttributes = {
					798D9C5618D4E23400F0A2AB = {
						TestTargetID = 79E1F9E118D4F8B400A2414E;
					};
					79E1F9F618D4F8B400A2414E = {
						TestTargetID = 79E1F9E118D4F8B400A2414E;
					};
				};
			};
			buildConfigurationList = 798D9C4218D4E23400F0A2AB /* Build configuration list for PBXProject "MECoreDataKit" */;
			compatibilityVersion = "Xcode 3.2";
			developmentRegion = English;
			hasScannedForEncodings = 0;
			knownRegions = (
				en,
			);
			mainGroup = 798D9C3E18D4E23400F0A2AB;
			productRefGroup = 798D9C4818D4E23400F0A2AB /* Products */;
			projectDirPath = "";
			projectRoot = "";
			targets = (
				798D9C4618D4E23400F0A2AB /* MECoreDataKit */,
				798D9C5618D4E23400F0A2AB /* MECoreDataKitTests */,
				79E1F9E118D4F8B400A2414E /* MECoreDataKitFramework */,
				79E1F9F618D4F8B400A2414E /* MECoreDataKitFrameworkTests */,
			);
		};
/* End PBXProject section */

/* Begin PBXResourcesBuildPhase section */
		798D9C5518D4E23400F0A2AB /* Resources */ = {
			isa = PBXResourcesBuildPhase;
			buildActionMask = 2147483647;
			files = (
				798D9C6518D4E23400F0A2AB /* InfoPlist.strings in Resources */,
			);
			runOnlyForDeploymentPostprocessing = 0;
		};
		79E1F9E018D4F8B400A2414E /* Resources */ = {
			isa = PBXResourcesBuildPhase;
			buildActionMask = 2147483647;
			files = (
				79E1F9EE18D4F8B400A2414E /* InfoPlist.strings in Resources */,
			);
			runOnlyForDeploymentPostprocessing = 0;
		};
		79E1F9F518D4F8B400A2414E /* Resources */ = {
			isa = PBXResourcesBuildPhase;
			buildActionMask = 2147483647;
			files = (
				79E1FA0218D4F8B400A2414E /* InfoPlist.strings in Resources */,
			);
			runOnlyForDeploymentPostprocessing = 0;
		};
/* End PBXResourcesBuildPhase section */

/* Begin PBXShellScriptBuildPhase section */
		022CBDF3B0BB4BDA8F10983C /* Check Pods Manifest.lock */ = {
			isa = PBXShellScriptBuildPhase;
			buildActionMask = 2147483647;
			files = (
			);
			inputPaths = (
			);
			name = "Check Pods Manifest.lock";
			outputPaths = (
			);
			runOnlyForDeploymentPostprocessing = 0;
			shellPath = /bin/sh;
			shellScript = "diff \"${PODS_ROOT}/../Podfile.lock\" \"${PODS_ROOT}/Manifest.lock\" > /dev/null\nif [[ $? != 0 ]] ; then\n    cat << EOM\nerror: The sandbox is not in sync with the Podfile.lock. Run 'pod install' or update your CocoaPods installation.\nEOM\n    exit 1\nfi\n";
			showEnvVarsInLog = 0;
		};
		281F63822B014EFBA793D9DF /* Copy Pods Resources */ = {
			isa = PBXShellScriptBuildPhase;
			buildActionMask = 2147483647;
			files = (
			);
			inputPaths = (
			);
			name = "Copy Pods Resources";
			outputPaths = (
			);
			runOnlyForDeploymentPostprocessing = 0;
			shellPath = /bin/sh;
			shellScript = "\"${SRCROOT}/Pods/Pods-MECoreDataKit-resources.sh\"\n";
			showEnvVarsInLog = 0;
		};
		4FB3B78EF29C4AE4B5F8C039 /* Check Pods Manifest.lock */ = {
			isa = PBXShellScriptBuildPhase;
			buildActionMask = 2147483647;
			files = (
			);
			inputPaths = (
			);
			name = "Check Pods Manifest.lock";
			outputPaths = (
			);
			runOnlyForDeploymentPostprocessing = 0;
			shellPath = /bin/sh;
			shellScript = "diff \"${PODS_ROOT}/../Podfile.lock\" \"${PODS_ROOT}/Manifest.lock\" > /dev/null\nif [[ $? != 0 ]] ; then\n    cat << EOM\nerror: The sandbox is not in sync with the Podfile.lock. Run 'pod install' or update your CocoaPods installation.\nEOM\n    exit 1\nfi\n";
			showEnvVarsInLog = 0;
		};
		5DDDF7D5089B4EE396B9DC64 /* Check Pods Manifest.lock */ = {
			isa = PBXShellScriptBuildPhase;
			buildActionMask = 2147483647;
			files = (
			);
			inputPaths = (
			);
			name = "Check Pods Manifest.lock";
			outputPaths = (
			);
			runOnlyForDeploymentPostprocessing = 0;
			shellPath = /bin/sh;
			shellScript = "diff \"${PODS_ROOT}/../Podfile.lock\" \"${PODS_ROOT}/Manifest.lock\" > /dev/null\nif [[ $? != 0 ]] ; then\n    cat << EOM\nerror: The sandbox is not in sync with the Podfile.lock. Run 'pod install' or update your CocoaPods installation.\nEOM\n    exit 1\nfi\n";
			showEnvVarsInLog = 0;
		};
		71FA4189B9B347D79CD63B7D /* Copy Pods Resources */ = {
			isa = PBXShellScriptBuildPhase;
			buildActionMask = 2147483647;
			files = (
			);
			inputPaths = (
			);
			name = "Copy Pods Resources";
			outputPaths = (
			);
			runOnlyForDeploymentPostprocessing = 0;
			shellPath = /bin/sh;
			shellScript = "\"${SRCROOT}/Pods/Pods-MECoreDataKitFramework-resources.sh\"\n";
			showEnvVarsInLog = 0;
		};
		7EE6CA3A6AF5474B95C18823 /* Check Pods Manifest.lock */ = {
			isa = PBXShellScriptBuildPhase;
			buildActionMask = 2147483647;
			files = (
			);
			inputPaths = (
			);
			name = "Check Pods Manifest.lock";
			outputPaths = (
			);
			runOnlyForDeploymentPostprocessing = 0;
			shellPath = /bin/sh;
			shellScript = "diff \"${PODS_ROOT}/../Podfile.lock\" \"${PODS_ROOT}/Manifest.lock\" > /dev/null\nif [[ $? != 0 ]] ; then\n    cat << EOM\nerror: The sandbox is not in sync with the Podfile.lock. Run 'pod install' or update your CocoaPods installation.\nEOM\n    exit 1\nfi\n";
			showEnvVarsInLog = 0;
		};
		B8F2CD7BA4D349EBB6C46B4A /* Copy Pods Resources */ = {
			isa = PBXShellScriptBuildPhase;
			buildActionMask = 2147483647;
			files = (
			);
			inputPaths = (
			);
			name = "Copy Pods Resources";
			outputPaths = (
			);
			runOnlyForDeploymentPostprocessing = 0;
			shellPath = /bin/sh;
			shellScript = "\"${SRCROOT}/Pods/Pods-MECoreDataKit-resources.sh\"\n";
			showEnvVarsInLog = 0;
		};
		FB92550FA3EA44A4BAD276A7 /* Copy Pods Resources */ = {
			isa = PBXShellScriptBuildPhase;
			buildActionMask = 2147483647;
			files = (
			);
			inputPaths = (
			);
			name = "Copy Pods Resources";
			outputPaths = (
			);
			runOnlyForDeploymentPostprocessing = 0;
			shellPath = /bin/sh;
			shellScript = "\"${SRCROOT}/Pods/Pods-MECoreDataKitFramework-resources.sh\"\n";
			showEnvVarsInLog = 0;
		};
/* End PBXShellScriptBuildPhase section */

/* Begin PBXSourcesBuildPhase section */
		798D9C4318D4E23400F0A2AB /* Sources */ = {
			isa = PBXSourcesBuildPhase;
			buildActionMask = 2147483647;
			files = (
				798D9C7518D4E4CE00F0A2AB /* NSManagedObject+MEExtensions.m in Sources */,
				798D9C7618D4E4CE00F0A2AB /* NSManagedObjectContext+MEExtensions.m in Sources */,
			);
			runOnlyForDeploymentPostprocessing = 0;
		};
		798D9C5318D4E23400F0A2AB /* Sources */ = {
			isa = PBXSourcesBuildPhase;
			buildActionMask = 2147483647;
			files = (
				79E1FAC118D5494000A2414E /* Item.m in Sources */,
				79E1FABB18D5489E00A2414E /* NSManagedObject+MEExtensionsTestCase.m in Sources */,
				79E1FABE18D548C100A2414E /* Model.xcdatamodeld in Sources */,
			);
			runOnlyForDeploymentPostprocessing = 0;
		};
		79E1F9DD18D4F8B400A2414E /* Sources */ = {
			isa = PBXSourcesBuildPhase;
			buildActionMask = 2147483647;
			files = (
				79E1FACB18D54F7800A2414E /* NSManagedObject+MEExtensions.m in Sources */,
				79E1FACC18D54F7800A2414E /* NSManagedObjectContext+MEExtensions.m in Sources */,
			);
			runOnlyForDeploymentPostprocessing = 0;
		};
		79E1F9F318D4F8B400A2414E /* Sources */ = {
			isa = PBXSourcesBuildPhase;
			buildActionMask = 2147483647;
			files = (
				79E1FAC518D54B0E00A2414E /* Item.m in Sources */,
				79E1FAC318D54B0400A2414E /* NSManagedObject+MEExtensionsTestCase.m in Sources */,
				79E1FAC418D54B0700A2414E /* Model.xcdatamodeld in Sources */,
			);
			runOnlyForDeploymentPostprocessing = 0;
		};
/* End PBXSourcesBuildPhase section */

/* Begin PBXTargetDependency section */
		798D9C5E18D4E23400F0A2AB /* PBXTargetDependency */ = {
			isa = PBXTargetDependency;
			target = 798D9C4618D4E23400F0A2AB /* MECoreDataKit */;
			targetProxy = 798D9C5D18D4E23400F0A2AB /* PBXContainerItemProxy */;
		};
		79E1F9FB18D4F8B400A2414E /* PBXTargetDependency */ = {
			isa = PBXTargetDependency;
			target = 79E1F9E118D4F8B400A2414E /* MECoreDataKitFramework */;
			targetProxy = 79E1F9FA18D4F8B400A2414E /* PBXContainerItemProxy */;
		};
/* End PBXTargetDependency section */

/* Begin PBXVariantGroup section */
		798D9C6318D4E23400F0A2AB /* InfoPlist.strings */ = {
			isa = PBXVariantGroup;
			children = (
				798D9C6418D4E23400F0A2AB /* en */,
			);
			name = InfoPlist.strings;
			sourceTree = "<group>";
		};
		79E1F9EC18D4F8B400A2414E /* InfoPlist.strings */ = {
			isa = PBXVariantGroup;
			children = (
				79E1F9ED18D4F8B400A2414E /* en */,
			);
			name = InfoPlist.strings;
			sourceTree = "<group>";
		};
		79E1FA0018D4F8B400A2414E /* InfoPlist.strings */ = {
			isa = PBXVariantGroup;
			children = (
				79E1FA0118D4F8B400A2414E /* en */,
			);
			name = InfoPlist.strings;
			sourceTree = "<group>";
		};
/* End PBXVariantGroup section */

/* Begin XCBuildConfiguration section */
		798D9C6818D4E23400F0A2AB /* Debug */ = {
			isa = XCBuildConfiguration;
			buildSettings = {
				ALWAYS_SEARCH_USER_PATHS = NO;
				ARCHS = "$(ARCHS_STANDARD_INCLUDING_64_BIT)";
				CLANG_CXX_LANGUAGE_STANDARD = "gnu++0x";
				CLANG_CXX_LIBRARY = "libc++";
				CLANG_ENABLE_MODULES = YES;
				CLANG_ENABLE_OBJC_ARC = YES;
				CLANG_WARN_BOOL_CONVERSION = YES;
				CLANG_WARN_CONSTANT_CONVERSION = YES;
				CLANG_WARN_DIRECT_OBJC_ISA_USAGE = YES_ERROR;
				CLANG_WARN_EMPTY_BODY = YES;
				CLANG_WARN_ENUM_CONVERSION = YES;
				CLANG_WARN_INT_CONVERSION = YES;
				CLANG_WARN_OBJC_ROOT_CLASS = YES_ERROR;
				CLANG_WARN__DUPLICATE_METHOD_MATCH = YES;
				COPY_PHASE_STRIP = NO;
				GCC_C_LANGUAGE_STANDARD = gnu99;
				GCC_DYNAMIC_NO_PIC = NO;
				GCC_OPTIMIZATION_LEVEL = 0;
				GCC_PREPROCESSOR_DEFINITIONS = (
					"DEBUG=1",
					"$(inherited)",
				);
				GCC_SYMBOLS_PRIVATE_EXTERN = NO;
				GCC_WARN_64_TO_32_BIT_CONVERSION = YES;
				GCC_WARN_ABOUT_RETURN_TYPE = YES_ERROR;
				GCC_WARN_UNDECLARED_SELECTOR = YES;
				GCC_WARN_UNINITIALIZED_AUTOS = YES;
				GCC_WARN_UNUSED_FUNCTION = YES;
				GCC_WARN_UNUSED_VARIABLE = YES;
				IPHONEOS_DEPLOYMENT_TARGET = 7.0;
				ONLY_ACTIVE_ARCH = YES;
				SDKROOT = iphoneos;
			};
			name = Debug;
		};
		798D9C6918D4E23400F0A2AB /* Release */ = {
			isa = XCBuildConfiguration;
			buildSettings = {
				ALWAYS_SEARCH_USER_PATHS = NO;
				ARCHS = "$(ARCHS_STANDARD_INCLUDING_64_BIT)";
				CLANG_CXX_LANGUAGE_STANDARD = "gnu++0x";
				CLANG_CXX_LIBRARY = "libc++";
				CLANG_ENABLE_MODULES = YES;
				CLANG_ENABLE_OBJC_ARC = YES;
				CLANG_WARN_BOOL_CONVERSION = YES;
				CLANG_WARN_CONSTANT_CONVERSION = YES;
				CLANG_WARN_DIRECT_OBJC_ISA_USAGE = YES_ERROR;
				CLANG_WARN_EMPTY_BODY = YES;
				CLANG_WARN_ENUM_CONVERSION = YES;
				CLANG_WARN_INT_CONVERSION = YES;
				CLANG_WARN_OBJC_ROOT_CLASS = YES_ERROR;
				CLANG_WARN__DUPLICATE_METHOD_MATCH = YES;
				COPY_PHASE_STRIP = YES;
				ENABLE_NS_ASSERTIONS = NO;
				GCC_C_LANGUAGE_STANDARD = gnu99;
				GCC_WARN_64_TO_32_BIT_CONVERSION = YES;
				GCC_WARN_ABOUT_RETURN_TYPE = YES_ERROR;
				GCC_WARN_UNDECLARED_SELECTOR = YES;
				GCC_WARN_UNINITIALIZED_AUTOS = YES;
				GCC_WARN_UNUSED_FUNCTION = YES;
				GCC_WARN_UNUSED_VARIABLE = YES;
				IPHONEOS_DEPLOYMENT_TARGET = 7.0;
				SDKROOT = iphoneos;
				VALIDATE_PRODUCT = YES;
			};
			name = Release;
		};
		798D9C6B18D4E23400F0A2AB /* Debug */ = {
			isa = XCBuildConfiguration;
			baseConfigurationReference = 2A6304DBA94C45FCA12CEE63 /* Pods-MECoreDataKit.xcconfig */;
			buildSettings = {
				DSTROOT = /tmp/MECoreDataKit.dst;
				GCC_PRECOMPILE_PREFIX_HEADER = YES;
				GCC_PREFIX_HEADER = "MECoreDataKit/MECoreDataKit-Prefix.pch";
				HEADER_SEARCH_PATHS = "\"${PODS_ROOT}/Headers\"";
				OTHER_LDFLAGS = "$(inherited)";
				PRODUCT_NAME = "$(TARGET_NAME)";
				PUBLIC_HEADERS_FOLDER_PATH = include;
				SKIP_INSTALL = YES;
			};
			name = Debug;
		};
		798D9C6C18D4E23400F0A2AB /* Release */ = {
			isa = XCBuildConfiguration;
			baseConfigurationReference = 2A6304DBA94C45FCA12CEE63 /* Pods-MECoreDataKit.xcconfig */;
			buildSettings = {
				DSTROOT = /tmp/MECoreDataKit.dst;
				GCC_PRECOMPILE_PREFIX_HEADER = YES;
				GCC_PREFIX_HEADER = "MECoreDataKit/MECoreDataKit-Prefix.pch";
				HEADER_SEARCH_PATHS = "\"${PODS_ROOT}/Headers\"";
				OTHER_LDFLAGS = "$(inherited)";
				PRODUCT_NAME = "$(TARGET_NAME)";
				PUBLIC_HEADERS_FOLDER_PATH = include;
				SKIP_INSTALL = YES;
			};
			name = Release;
		};
		798D9C6E18D4E23400F0A2AB /* Debug */ = {
			isa = XCBuildConfiguration;
			baseConfigurationReference = 2A6304DBA94C45FCA12CEE63 /* Pods-MECoreDataKit.xcconfig */;
			buildSettings = {
				ARCHS = "$(ARCHS_STANDARD_INCLUDING_64_BIT)";
				BUNDLE_LOADER = "$(BUILT_PRODUCTS_DIR)/libMECoreDataKit.a";
				FRAMEWORK_SEARCH_PATHS = (
					"$(SDKROOT)/Developer/Library/Frameworks",
					"$(inherited)",
					"$(DEVELOPER_FRAMEWORKS_DIR)",
				);
				GCC_PRECOMPILE_PREFIX_HEADER = YES;
				GCC_PREFIX_HEADER = "MECoreDataKit/MECoreDataKit-Prefix.pch";
				GCC_PREPROCESSOR_DEFINITIONS = (
					"DEBUG=1",
					"$(inherited)",
				);
				INFOPLIST_FILE = "MECoreDataKitTests/MECoreDataKitTests-Info.plist";
				PRODUCT_NAME = "$(TARGET_NAME)";
				TEST_HOST = "$(BUNDLE_LOADER)";
				WRAPPER_EXTENSION = xctest;
			};
			name = Debug;
		};
		798D9C6F18D4E23400F0A2AB /* Release */ = {
			isa = XCBuildConfiguration;
			baseConfigurationReference = 2A6304DBA94C45FCA12CEE63 /* Pods-MECoreDataKit.xcconfig */;
			buildSettings = {
				ARCHS = "$(ARCHS_STANDARD_INCLUDING_64_BIT)";
				BUNDLE_LOADER = "$(BUILT_PRODUCTS_DIR)/libMECoreDataKit.a";
				FRAMEWORK_SEARCH_PATHS = (
					"$(SDKROOT)/Developer/Library/Frameworks",
					"$(inherited)",
					"$(DEVELOPER_FRAMEWORKS_DIR)",
				);
				GCC_PRECOMPILE_PREFIX_HEADER = YES;
				GCC_PREFIX_HEADER = "MECoreDataKit/MECoreDataKit-Prefix.pch";
				INFOPLIST_FILE = "MECoreDataKitTests/MECoreDataKitTests-Info.plist";
				PRODUCT_NAME = "$(TARGET_NAME)";
				TEST_HOST = "$(BUNDLE_LOADER)";
				WRAPPER_EXTENSION = xctest;
			};
			name = Release;
		};
		79E1FA0618D4F8B400A2414E /* Debug */ = {
			isa = XCBuildConfiguration;
			baseConfigurationReference = 4154AF8D12474CCC8916E44B /* Pods-MECoreDataKitFramework.xcconfig */;
			buildSettings = {
				ARCHS = "$(ARCHS_STANDARD)";
				COMBINE_HIDPI_IMAGES = YES;
				DYLIB_COMPATIBILITY_VERSION = 1;
				DYLIB_CURRENT_VERSION = 1;
				FRAMEWORK_SEARCH_PATHS = (
					"$(inherited)",
					"$(DEVELOPER_FRAMEWORKS_DIR)",
				);
				FRAMEWORK_VERSION = A;
				GCC_ENABLE_OBJC_EXCEPTIONS = YES;
				GCC_PRECOMPILE_PREFIX_HEADER = YES;
				GCC_PREFIX_HEADER = "MECoreDataKitFramework/MECoreDataKitFramework-Prefix.pch";
				GCC_PREPROCESSOR_DEFINITIONS = (
					"DEBUG=1",
					"$(inherited)",
				);
				HEADER_SEARCH_PATHS = (
					"$(inherited)",
					/Applications/Xcode.app/Contents/Developer/Toolchains/XcodeDefault.xctoolchain/usr/include,
					"\"${SRC_ROOT}/Pods/Headers\"",
				);
				INFOPLIST_FILE = "MECoreDataKitFramework/MECoreDataKitFramework-Info.plist";
				MACOSX_DEPLOYMENT_TARGET = 10.9;
				PRODUCT_NAME = MECoreDataKit;
				SDKROOT = macosx;
				SKIP_INSTALL = YES;
				WRAPPER_EXTENSION = framework;
			};
			name = Debug;
		};
		79E1FA0718D4F8B400A2414E /* Release */ = {
			isa = XCBuildConfiguration;
			baseConfigurationReference = 4154AF8D12474CCC8916E44B /* Pods-MECoreDataKitFramework.xcconfig */;
			buildSettings = {
				ARCHS = "$(ARCHS_STANDARD)";
				COMBINE_HIDPI_IMAGES = YES;
				DEBUG_INFORMATION_FORMAT = "dwarf-with-dsym";
				DYLIB_COMPATIBILITY_VERSION = 1;
				DYLIB_CURRENT_VERSION = 1;
				FRAMEWORK_SEARCH_PATHS = (
					"$(inherited)",
					"$(DEVELOPER_FRAMEWORKS_DIR)",
				);
				FRAMEWORK_VERSION = A;
				GCC_ENABLE_OBJC_EXCEPTIONS = YES;
				GCC_PRECOMPILE_PREFIX_HEADER = YES;
				GCC_PREFIX_HEADER = "MECoreDataKitFramework/MECoreDataKitFramework-Prefix.pch";
				HEADER_SEARCH_PATHS = (
					"$(inherited)",
					/Applications/Xcode.app/Contents/Developer/Toolchains/XcodeDefault.xctoolchain/usr/include,
					"\"${SRC_ROOT}/Pods/Headers\"",
				);
				INFOPLIST_FILE = "MECoreDataKitFramework/MECoreDataKitFramework-Info.plist";
				MACOSX_DEPLOYMENT_TARGET = 10.9;
				PRODUCT_NAME = MECoreDataKit;
				SDKROOT = macosx;
				SKIP_INSTALL = YES;
				WRAPPER_EXTENSION = framework;
			};
			name = Release;
		};
		79E1FA0918D4F8B400A2414E /* Debug */ = {
			isa = XCBuildConfiguration;
			baseConfigurationReference = 4154AF8D12474CCC8916E44B /* Pods-MECoreDataKitFramework.xcconfig */;
			buildSettings = {
				BUNDLE_LOADER = "$(BUILT_PRODUCTS_DIR)/MECoreDataKit.framework/Versions/A/MECoreDataKit";
				COMBINE_HIDPI_IMAGES = YES;
				FRAMEWORK_SEARCH_PATHS = (
					"$(DEVELOPER_FRAMEWORKS_DIR)",
					"$(inherited)",
				);
				GCC_ENABLE_OBJC_EXCEPTIONS = YES;
				GCC_PRECOMPILE_PREFIX_HEADER = YES;
				GCC_PREFIX_HEADER = "MECoreDataKitFramework/MECoreDataKitFramework-Prefix.pch";
				GCC_PREPROCESSOR_DEFINITIONS = (
					"DEBUG=1",
					"$(inherited)",
				);
				HEADER_SEARCH_PATHS = "";
				INFOPLIST_FILE = "MECoreDataKitFrameworkTests/MECoreDataKitFrameworkTests-Info.plist";
				MACOSX_DEPLOYMENT_TARGET = 10.9;
				PRODUCT_NAME = "$(TARGET_NAME)";
				SDKROOT = macosx;
				TEST_HOST = "$(BUNDLE_LOADER)";
				WRAPPER_EXTENSION = xctest;
			};
			name = Debug;
		};
		79E1FA0A18D4F8B400A2414E /* Release */ = {
			isa = XCBuildConfiguration;
			baseConfigurationReference = 4154AF8D12474CCC8916E44B /* Pods-MECoreDataKitFramework.xcconfig */;
			buildSettings = {
				BUNDLE_LOADER = "$(BUILT_PRODUCTS_DIR)/MECoreDataKit.framework/Versions/A/MECoreDataKit";
				COMBINE_HIDPI_IMAGES = YES;
				DEBUG_INFORMATION_FORMAT = "dwarf-with-dsym";
				FRAMEWORK_SEARCH_PATHS = (
					"$(DEVELOPER_FRAMEWORKS_DIR)",
					"$(inherited)",
				);
				GCC_ENABLE_OBJC_EXCEPTIONS = YES;
				GCC_PRECOMPILE_PREFIX_HEADER = YES;
				GCC_PREFIX_HEADER = "MECoreDataKitFramework/MECoreDataKitFramework-Prefix.pch";
				HEADER_SEARCH_PATHS = "";
				INFOPLIST_FILE = "MECoreDataKitFrameworkTests/MECoreDataKitFrameworkTests-Info.plist";
				MACOSX_DEPLOYMENT_TARGET = 10.9;
				PRODUCT_NAME = "$(TARGET_NAME)";
				SDKROOT = macosx;
				TEST_HOST = "$(BUNDLE_LOADER)";
				WRAPPER_EXTENSION = xctest;
			};
			name = Release;
		};
/* End XCBuildConfiguration section */

/* Begin XCConfigurationList section */
		798D9C4218D4E23400F0A2AB /* Build configuration list for PBXProject "MECoreDataKit" */ = {
			isa = XCConfigurationList;
			buildConfigurations = (
				798D9C6818D4E23400F0A2AB /* Debug */,
				798D9C6918D4E23400F0A2AB /* Release */,
			);
			defaultConfigurationIsVisible = 0;
			defaultConfigurationName = Release;
		};
		798D9C6A18D4E23400F0A2AB /* Build configuration list for PBXNativeTarget "MECoreDataKit" */ = {
			isa = XCConfigurationList;
			buildConfigurations = (
				798D9C6B18D4E23400F0A2AB /* Debug */,
				798D9C6C18D4E23400F0A2AB /* Release */,
			);
			defaultConfigurationIsVisible = 0;
			defaultConfigurationName = Release;
		};
		798D9C6D18D4E23400F0A2AB /* Build configuration list for PBXNativeTarget "MECoreDataKitTests" */ = {
			isa = XCConfigurationList;
			buildConfigurations = (
				798D9C6E18D4E23400F0A2AB /* Debug */,
				798D9C6F18D4E23400F0A2AB /* Release */,
			);
			defaultConfigurationIsVisible = 0;
			defaultConfigurationName = Release;
		};
		79E1FA0518D4F8B400A2414E /* Build configuration list for PBXNativeTarget "MECoreDataKitFramework" */ = {
			isa = XCConfigurationList;
			buildConfigurations = (
				79E1FA0618D4F8B400A2414E /* Debug */,
				79E1FA0718D4F8B400A2414E /* Release */,
			);
			defaultConfigurationIsVisible = 0;
			defaultConfigurationName = Release;
		};
		79E1FA0818D4F8B400A2414E /* Build configuration list for PBXNativeTarget "MECoreDataKitFrameworkTests" */ = {
			isa = XCConfigurationList;
			buildConfigurations = (
				79E1FA0918D4F8B400A2414E /* Debug */,
				79E1FA0A18D4F8B400A2414E /* Release */,
			);
			defaultConfigurationIsVisible = 0;
			defaultConfigurationName = Release;
		};
/* End XCConfigurationList section */

/* Begin XCVersionGroup section */
		79E1FABC18D548C100A2414E /* Model.xcdatamodeld */ = {
			isa = XCVersionGroup;
			children = (
				79E1FABD18D548C100A2414E /* Model.xcdatamodel */,
			);
			currentVersion = 79E1FABD18D548C100A2414E /* Model.xcdatamodel */;
			path = Model.xcdatamodeld;
			sourceTree = "<group>";
			versionGroupType = wrapper.xcdatamodel;
		};
/* End XCVersionGroup section */
	};
	rootObject = 798D9C3F18D4E23400F0A2AB /* Project object */;
}
